
Microsoft Visual Studio Solution File, Format Version 12.00
# Visual Studio Version 17
VisualStudioVersion = 17.0.31903.59
MinimumVisualStudioVersion = 10.0.40219.1
Project("{FAE04EC0-301F-11D3-BF4B-00C04F79EFBC}") = "Tecnm.Proyecto1.Console", "Tecnm.Proyecto1.Console\Tecnm.Proyecto1.Console.csproj", "{5F20A779-4E73-40FE-8867-954FD6AA49E4}"
EndProject
Project("{FAE04EC0-301F-11D3-BF4B-00C04F79EFBC}") = "Tecnm.Proyecto1.Core", "Tecnm.Proyecto1.Core\Tecnm.Proyecto1.Core.csproj", "{16A64581-9F95-44BF-A31E-44632C02D623}"
EndProject
Project("{FAE04EC0-301F-11D3-BF4B-00C04F79EFBC}") = "Tecnm.Proyecto1.Test", "Tecnm.Proyecto1.Test\Tecnm.Proyecto1.Test.csproj", "{69F29731-22F6-4689-82BD-D058209E9C4E}"
EndProject
Global
	GlobalSection(SolutionConfigurationPlatforms) = preSolution
		Debug|Any CPU = Debug|Any CPU
		Release|Any CPU = Release|Any CPU
	EndGlobalSection
	GlobalSection(SolutionProperties) = preSolution
		HideSolutionNode = FALSE
	EndGlobalSection
	GlobalSection(ProjectConfigurationPlatforms) = postSolution
		{5F20A779-4E73-40FE-8867-954FD6AA49E4}.Debug|Any CPU.ActiveCfg = Debug|Any CPU
		{5F20A779-4E73-40FE-8867-954FD6AA49E4}.Debug|Any CPU.Build.0 = Debug|Any CPU
		{5F20A779-4E73-40FE-8867-954FD6AA49E4}.Release|Any CPU.ActiveCfg = Release|Any CPU
		{5F20A779-4E73-40FE-8867-954FD6AA49E4}.Release|Any CPU.Build.0 = Release|Any CPU
		{16A64581-9F95-44BF-A31E-44632C02D623}.Debug|Any CPU.ActiveCfg = Debug|Any CPU
		{16A64581-9F95-44BF-A31E-44632C02D623}.Debug|Any CPU.Build.0 = Debug|Any CPU
		{16A64581-9F95-44BF-A31E-44632C02D623}.Release|Any CPU.ActiveCfg = Release|Any CPU
		{16A64581-9F95-44BF-A31E-44632C02D623}.Release|Any CPU.Build.0 = Release|Any CPU
		{69F29731-22F6-4689-82BD-D058209E9C4E}.Debug|Any CPU.ActiveCfg = Debug|Any CPU
		{69F29731-22F6-4689-82BD-D058209E9C4E}.Debug|Any CPU.Build.0 = Debug|Any CPU
		{69F29731-22F6-4689-82BD-D058209E9C4E}.Release|Any CPU.ActiveCfg = Release|Any CPU
		{69F29731-22F6-4689-82BD-D058209E9C4E}.Release|Any CPU.Build.0 = Release|Any CPU
	EndGlobalSection
EndGlobal
